
Microsoft Visual Studio Solution File, Format Version 12.00
# Visual Studio 14
VisualStudioVersion = 14.0.25123.0
MinimumVisualStudioVersion = 10.0.40219.1
Project("{8BC9CEB8-8B4A-11D0-8D11-00A0C91BC942}") = "高精度正整数乘法问题", "SimpleCpp1\SimpleCpp1.vcxproj", "{D1D73AA6-685F-4AC3-BE5F-1D141BE9D851}"
EndProject
Project("{8BC9CEB8-8B4A-11D0-8D11-00A0C91BC942}") = "速算24点", "速算24点\速算24点.vcxproj", "{B4CA2821-CE79-4E34-AFA4-6DF266E48B03}"
EndProject
Project("{8BC9CEB8-8B4A-11D0-8D11-00A0C91BC942}") = "蹦极冒险", "蹦极冒险\蹦极冒险.vcxproj", "{BC1C297E-BE33-49D0-B136-B4BA11147EEE}"
EndProject
Project("{8BC9CEB8-8B4A-11D0-8D11-00A0C91BC942}") = "一元二次方程", "一元二次方程\一元二次方程.vcxproj", "{80AD6C96-9251-42B9-8CC2-759722EC4C47}"
EndProject
Project("{8BC9CEB8-8B4A-11D0-8D11-00A0C91BC942}") = "XOR Zero", "XOR Zero\XOR Zero.vcxproj", "{30F8B398-38F7-465C-A1D5-AAE62F57CC5B}"
EndProject
Project("{8BC9CEB8-8B4A-11D0-8D11-00A0C91BC942}") = "Euchre Results", "Euchre Results\Euchre Results.vcxproj", "{2C851DF3-C1F1-47ED-AA65-5937A69B14C5}"
EndProject
Project("{8BC9CEB8-8B4A-11D0-8D11-00A0C91BC942}") = "T和Y的计划", "T和Y的计划\T和Y的计划.vcxproj", "{5F557797-35BA-4967-B38A-9E20AF6BC3DD}"
EndProject
Project("{8BC9CEB8-8B4A-11D0-8D11-00A0C91BC942}") = "矩阵", "矩阵\矩阵.vcxproj", "{BE776478-5E84-4437-BD71-13A76D891F93}"
EndProject
Project("{8BC9CEB8-8B4A-11D0-8D11-00A0C91BC942}") = "多项式加法", "多项式加法\多项式加法.vcxproj", "{C60E659B-FF48-4ADD-9DC0-9FEE1D319995}"
EndProject
Project("{8BC9CEB8-8B4A-11D0-8D11-00A0C91BC942}") = "GCD", "GCD\GCD.vcxproj", "{F4667632-F4EB-4CB8-A658-8B3AFDEC234A}"
EndProject
Project("{8BC9CEB8-8B4A-11D0-8D11-00A0C91BC942}") = "N^N", "N^N\N^N.vcxproj", "{D652E849-43D1-4D07-854A-58D399D2EE24}"
EndProject
Project("{8BC9CEB8-8B4A-11D0-8D11-00A0C91BC942}") = "猩猩散步", "猩猩散步\猩猩散步.vcxproj", "{196E3958-391C-4733-A49D-4C644A9D461F}"
EndProject
Global
	GlobalSection(SolutionConfigurationPlatforms) = preSolution
		Debug|x64 = Debug|x64
		Debug|x86 = Debug|x86
		Release|x64 = Release|x64
		Release|x86 = Release|x86
	EndGlobalSection
	GlobalSection(ProjectConfigurationPlatforms) = postSolution
		{D1D73AA6-685F-4AC3-BE5F-1D141BE9D851}.Debug|x64.ActiveCfg = Debug|x64
		{D1D73AA6-685F-4AC3-BE5F-1D141BE9D851}.Debug|x64.Build.0 = Debug|x64
		{D1D73AA6-685F-4AC3-BE5F-1D141BE9D851}.Debug|x86.ActiveCfg = Debug|Win32
		{D1D73AA6-685F-4AC3-BE5F-1D141BE9D851}.Debug|x86.Build.0 = Debug|Win32
		{D1D73AA6-685F-4AC3-BE5F-1D141BE9D851}.Release|x64.ActiveCfg = Release|x64
		{D1D73AA6-685F-4AC3-BE5F-1D141BE9D851}.Release|x64.Build.0 = Release|x64
		{D1D73AA6-685F-4AC3-BE5F-1D141BE9D851}.Release|x86.ActiveCfg = Release|Win32
		{D1D73AA6-685F-4AC3-BE5F-1D141BE9D851}.Release|x86.Build.0 = Release|Win32
		{B4CA2821-CE79-4E34-AFA4-6DF266E48B03}.Debug|x64.ActiveCfg = Debug|x64
		{B4CA2821-CE79-4E34-AFA4-6DF266E48B03}.Debug|x64.Build.0 = Debug|x64
		{B4CA2821-CE79-4E34-AFA4-6DF266E48B03}.Debug|x86.ActiveCfg = Debug|Win32
		{B4CA2821-CE79-4E34-AFA4-6DF266E48B03}.Debug|x86.Build.0 = Debug|Win32
		{B4CA2821-CE79-4E34-AFA4-6DF266E48B03}.Release|x64.ActiveCfg = Release|x64
		{B4CA2821-CE79-4E34-AFA4-6DF266E48B03}.Release|x64.Build.0 = Release|x64
		{B4CA2821-CE79-4E34-AFA4-6DF266E48B03}.Release|x86.ActiveCfg = Release|Win32
		{B4CA2821-CE79-4E34-AFA4-6DF266E48B03}.Release|x86.Build.0 = Release|Win32
		{BC1C297E-BE33-49D0-B136-B4BA11147EEE}.Debug|x64.ActiveCfg = Debug|x64
		{BC1C297E-BE33-49D0-B136-B4BA11147EEE}.Debug|x64.Build.0 = Debug|x64
		{BC1C297E-BE33-49D0-B136-B4BA11147EEE}.Debug|x86.ActiveCfg = Debug|Win32
		{BC1C297E-BE33-49D0-B136-B4BA11147EEE}.Debug|x86.Build.0 = Debug|Win32
		{BC1C297E-BE33-49D0-B136-B4BA11147EEE}.Release|x64.ActiveCfg = Release|x64
		{BC1C297E-BE33-49D0-B136-B4BA11147EEE}.Release|x64.Build.0 = Release|x64
		{BC1C297E-BE33-49D0-B136-B4BA11147EEE}.Release|x86.ActiveCfg = Release|Win32
		{BC1C297E-BE33-49D0-B136-B4BA11147EEE}.Release|x86.Build.0 = Release|Win32
		{80AD6C96-9251-42B9-8CC2-759722EC4C47}.Debug|x64.ActiveCfg = Debug|x64
		{80AD6C96-9251-42B9-8CC2-759722EC4C47}.Debug|x64.Build.0 = Debug|x64
		{80AD6C96-9251-42B9-8CC2-759722EC4C47}.Debug|x86.ActiveCfg = Debug|Win32
		{80AD6C96-9251-42B9-8CC2-759722EC4C47}.Debug|x86.Build.0 = Debug|Win32
		{80AD6C96-9251-42B9-8CC2-759722EC4C47}.Release|x64.ActiveCfg = Release|x64
		{80AD6C96-9251-42B9-8CC2-759722EC4C47}.Release|x64.Build.0 = Release|x64
		{80AD6C96-9251-42B9-8CC2-759722EC4C47}.Release|x86.ActiveCfg = Release|Win32
		{80AD6C96-9251-42B9-8CC2-759722EC4C47}.Release|x86.Build.0 = Release|Win32
		{30F8B398-38F7-465C-A1D5-AAE62F57CC5B}.Debug|x64.ActiveCfg = Debug|x64
		{30F8B398-38F7-465C-A1D5-AAE62F57CC5B}.Debug|x64.Build.0 = Debug|x64
		{30F8B398-38F7-465C-A1D5-AAE62F57CC5B}.Debug|x86.ActiveCfg = Debug|Win32
		{30F8B398-38F7-465C-A1D5-AAE62F57CC5B}.Debug|x86.Build.0 = Debug|Win32
		{30F8B398-38F7-465C-A1D5-AAE62F57CC5B}.Release|x64.ActiveCfg = Release|x64
		{30F8B398-38F7-465C-A1D5-AAE62F57CC5B}.Release|x64.Build.0 = Release|x64
		{30F8B398-38F7-465C-A1D5-AAE62F57CC5B}.Release|x86.ActiveCfg = Release|Win32
		{30F8B398-38F7-465C-A1D5-AAE62F57CC5B}.Release|x86.Build.0 = Release|Win32
		{2C851DF3-C1F1-47ED-AA65-5937A69B14C5}.Debug|x64.ActiveCfg = Debug|x64
		{2C851DF3-C1F1-47ED-AA65-5937A69B14C5}.Debug|x64.Build.0 = Debug|x64
		{2C851DF3-C1F1-47ED-AA65-5937A69B14C5}.Debug|x86.ActiveCfg = Debug|Win32
		{2C851DF3-C1F1-47ED-AA65-5937A69B14C5}.Debug|x86.Build.0 = Debug|Win32
		{2C851DF3-C1F1-47ED-AA65-5937A69B14C5}.Release|x64.ActiveCfg = Release|x64
		{2C851DF3-C1F1-47ED-AA65-5937A69B14C5}.Release|x64.Build.0 = Release|x64
		{2C851DF3-C1F1-47ED-AA65-5937A69B14C5}.Release|x86.ActiveCfg = Release|Win32
		{2C851DF3-C1F1-47ED-AA65-5937A69B14C5}.Release|x86.Build.0 = Release|Win32
		{5F557797-35BA-4967-B38A-9E20AF6BC3DD}.Debug|x64.ActiveCfg = Debug|x64
		{5F557797-35BA-4967-B38A-9E20AF6BC3DD}.Debug|x64.Build.0 = Debug|x64
		{5F557797-35BA-4967-B38A-9E20AF6BC3DD}.Debug|x86.ActiveCfg = Debug|Win32
		{5F557797-35BA-4967-B38A-9E20AF6BC3DD}.Debug|x86.Build.0 = Debug|Win32
		{5F557797-35BA-4967-B38A-9E20AF6BC3DD}.Release|x64.ActiveCfg = Release|x64
		{5F557797-35BA-4967-B38A-9E20AF6BC3DD}.Release|x64.Build.0 = Release|x64
		{5F557797-35BA-4967-B38A-9E20AF6BC3DD}.Release|x86.ActiveCfg = Release|Win32
		{5F557797-35BA-4967-B38A-9E20AF6BC3DD}.Release|x86.Build.0 = Release|Win32
		{BE776478-5E84-4437-BD71-13A76D891F93}.Debug|x64.ActiveCfg = Debug|x64
		{BE776478-5E84-4437-BD71-13A76D891F93}.Debug|x64.Build.0 = Debug|x64
		{BE776478-5E84-4437-BD71-13A76D891F93}.Debug|x86.ActiveCfg = Debug|Win32
		{BE776478-5E84-4437-BD71-13A76D891F93}.Debug|x86.Build.0 = Debug|Win32
		{BE776478-5E84-4437-BD71-13A76D891F93}.Release|x64.ActiveCfg = Release|x64
		{BE776478-5E84-4437-BD71-13A76D891F93}.Release|x64.Build.0 = Release|x64
		{BE776478-5E84-4437-BD71-13A76D891F93}.Release|x86.ActiveCfg = Release|Win32
		{BE776478-5E84-4437-BD71-13A76D891F93}.Release|x86.Build.0 = Release|Win32
		{C60E659B-FF48-4ADD-9DC0-9FEE1D319995}.Debug|x64.ActiveCfg = Debug|x64
		{C60E659B-FF48-4ADD-9DC0-9FEE1D319995}.Debug|x64.Build.0 = Debug|x64
		{C60E659B-FF48-4ADD-9DC0-9FEE1D319995}.Debug|x86.ActiveCfg = Debug|Win32
		{C60E659B-FF48-4ADD-9DC0-9FEE1D319995}.Debug|x86.Build.0 = Debug|Win32
		{C60E659B-FF48-4ADD-9DC0-9FEE1D319995}.Release|x64.ActiveCfg = Release|x64
		{C60E659B-FF48-4ADD-9DC0-9FEE1D319995}.Release|x64.Build.0 = Release|x64
		{C60E659B-FF48-4ADD-9DC0-9FEE1D319995}.Release|x86.ActiveCfg = Release|Win32
		{C60E659B-FF48-4ADD-9DC0-9FEE1D319995}.Release|x86.Build.0 = Release|Win32
		{F4667632-F4EB-4CB8-A658-8B3AFDEC234A}.Debug|x64.ActiveCfg = Debug|x64
		{F4667632-F4EB-4CB8-A658-8B3AFDEC234A}.Debug|x64.Build.0 = Debug|x64
		{F4667632-F4EB-4CB8-A658-8B3AFDEC234A}.Debug|x86.ActiveCfg = Debug|Win32
		{F4667632-F4EB-4CB8-A658-8B3AFDEC234A}.Debug|x86.Build.0 = Debug|Win32
		{F4667632-F4EB-4CB8-A658-8B3AFDEC234A}.Release|x64.ActiveCfg = Release|x64
		{F4667632-F4EB-4CB8-A658-8B3AFDEC234A}.Release|x64.Build.0 = Release|x64
		{F4667632-F4EB-4CB8-A658-8B3AFDEC234A}.Release|x86.ActiveCfg = Release|Win32
		{F4667632-F4EB-4CB8-A658-8B3AFDEC234A}.Release|x86.Build.0 = Release|Win32
		{D652E849-43D1-4D07-854A-58D399D2EE24}.Debug|x64.ActiveCfg = Debug|x64
		{D652E849-43D1-4D07-854A-58D399D2EE24}.Debug|x64.Build.0 = Debug|x64
		{D652E849-43D1-4D07-854A-58D399D2EE24}.Debug|x86.ActiveCfg = Debug|Win32
		{D652E849-43D1-4D07-854A-58D399D2EE24}.Debug|x86.Build.0 = Debug|Win32
		{D652E849-43D1-4D07-854A-58D399D2EE24}.Release|x64.ActiveCfg = Release|x64
		{D652E849-43D1-4D07-854A-58D399D2EE24}.Release|x64.Build.0 = Release|x64
		{D652E849-43D1-4D07-854A-58D399D2EE24}.Release|x86.ActiveCfg = Release|Win32
		{D652E849-43D1-4D07-854A-58D399D2EE24}.Release|x86.Build.0 = Release|Win32
		{196E3958-391C-4733-A49D-4C644A9D461F}.Debug|x64.ActiveCfg = Debug|x64
		{196E3958-391C-4733-A49D-4C644A9D461F}.Debug|x64.Build.0 = Debug|x64
		{196E3958-391C-4733-A49D-4C644A9D461F}.Debug|x86.ActiveCfg = Debug|Win32
		{196E3958-391C-4733-A49D-4C644A9D461F}.Debug|x86.Build.0 = Debug|Win32
		{196E3958-391C-4733-A49D-4C644A9D461F}.Release|x64.ActiveCfg = Release|x64
		{196E3958-391C-4733-A49D-4C644A9D461F}.Release|x64.Build.0 = Release|x64
		{196E3958-391C-4733-A49D-4C644A9D461F}.Release|x86.ActiveCfg = Release|Win32
		{196E3958-391C-4733-A49D-4C644A9D461F}.Release|x86.Build.0 = Release|Win32
	EndGlobalSection
	GlobalSection(SolutionProperties) = preSolution
		HideSolutionNode = FALSE
	EndGlobalSection
EndGlobal
